# Every public component tag shares nexusReleaseVersion from release.properties.
runtimeRootfsTag=v0.3.2-rootfs
runtimeBootTag=v0.3.2-boot
runtimeQemuTag=v0.3.2-qemu

# A non-empty source tag promotes an already verified component without
# recompiling it. Clear only the component that must be rebuilt for a release.
runtimeRootfsSourceTag=v0.3.1-bundle
runtimeBootSourceTag=v0.3.1-bundle
runtimeQemuSourceTag=v0.3.1-bundle
